
Microsoft Visual Studio Solution File, Format Version 12.00
# Visual Studio Version 17
VisualStudioVersion = 17.3.32804.467
MinimumVisualStudioVersion = 10.0.40219.1
Project("{9A19103F-16F7-4668-BE54-9A1E7A4F7556}") = "Sylvite.Visualizer", "Sylvite.Visualizer\Sylvite.Visualizer.csproj", "{43DE4DE3-B812-43E9-A36D-825F301C0572}"
EndProject
Project("{9A19103F-16F7-4668-BE54-9A1E7A4F7556}") = "Sylvite.Debuggee", "Sylvite.Debuggee\Sylvite.Debuggee.csproj", "{CB49623E-28F3-4176-BB62-EEA820C3936B}"
EndProject
Project("{9A19103F-16F7-4668-BE54-9A1E7A4F7556}") = "Sylvite.Transport", "Sylvite.Transport\Sylvite.Transport.csproj", "{684E82BE-D8F0-4BAF-9FA4-8D10BF40946D}"
EndProject
Project("{9A19103F-16F7-4668-BE54-9A1E7A4F7556}") = "Sylvite.TestConsole", "Sylvite.TestConsole\Sylvite.TestConsole.csproj", "{F90A1BB9-C461-4BB5-A1FE-61DC8A4DFEAD}"
EndProject
Project("{9A19103F-16F7-4668-BE54-9A1E7A4F7556}") = "Sylvite.RoslynHelper", "Sylvite.RoslynHelper\Sylvite.RoslynHelper.csproj", "{318FB65D-0394-465F-8472-D839943C08AD}"
EndProject
Project("{9A19103F-16F7-4668-BE54-9A1E7A4F7556}") = "Sylvite.Diagnostics", "Sylvite.Diagnostics\Sylvite.Diagnostics.csproj", "{796107A4-913D-44B1-AFF3-BB8544DCB0ED}"
EndProject
Project("{9A19103F-16F7-4668-BE54-9A1E7A4F7556}") = "Sylvite.Loader", "Sylvite.Loader\Sylvite.Loader.csproj", "{3E3F83BD-66BD-45CB-83CB-ABC13EC35F0C}"
EndProject
Project("{9A19103F-16F7-4668-BE54-9A1E7A4F7556}") = "Sylvite.SyntaxTranslator", "Sylvite.SyntaxTranslator\Sylvite.SyntaxTranslator.csproj", "{F3146F2D-B4D9-4E8B-B5D4-2A1C12AD6D9D}"
EndProject
Project("{9A19103F-16F7-4668-BE54-9A1E7A4F7556}") = "Sylvite.SyntaxTranslator.Tests", "Sylvite.SyntaxTranslator.Tests\Sylvite.SyntaxTranslator.Tests.csproj", "{09E902C4-404C-4952-8C39-CEC249CE5146}"
EndProject
Global
	GlobalSection(SolutionConfigurationPlatforms) = preSolution
		Debug|Any CPU = Debug|Any CPU
		Release|Any CPU = Release|Any CPU
	EndGlobalSection
	GlobalSection(ProjectConfigurationPlatforms) = postSolution
		{43DE4DE3-B812-43E9-A36D-825F301C0572}.Debug|Any CPU.ActiveCfg = Debug|Any CPU
		{43DE4DE3-B812-43E9-A36D-825F301C0572}.Debug|Any CPU.Build.0 = Debug|Any CPU
		{43DE4DE3-B812-43E9-A36D-825F301C0572}.Release|Any CPU.ActiveCfg = Release|Any CPU
		{43DE4DE3-B812-43E9-A36D-825F301C0572}.Release|Any CPU.Build.0 = Release|Any CPU
		{CB49623E-28F3-4176-BB62-EEA820C3936B}.Debug|Any CPU.ActiveCfg = Debug|Any CPU
		{CB49623E-28F3-4176-BB62-EEA820C3936B}.Debug|Any CPU.Build.0 = Debug|Any CPU
		{CB49623E-28F3-4176-BB62-EEA820C3936B}.Release|Any CPU.ActiveCfg = Release|Any CPU
		{CB49623E-28F3-4176-BB62-EEA820C3936B}.Release|Any CPU.Build.0 = Release|Any CPU
		{684E82BE-D8F0-4BAF-9FA4-8D10BF40946D}.Debug|Any CPU.ActiveCfg = Debug|Any CPU
		{684E82BE-D8F0-4BAF-9FA4-8D10BF40946D}.Debug|Any CPU.Build.0 = Debug|Any CPU
		{684E82BE-D8F0-4BAF-9FA4-8D10BF40946D}.Release|Any CPU.ActiveCfg = Release|Any CPU
		{684E82BE-D8F0-4BAF-9FA4-8D10BF40946D}.Release|Any CPU.Build.0 = Release|Any CPU
		{F90A1BB9-C461-4BB5-A1FE-61DC8A4DFEAD}.Debug|Any CPU.ActiveCfg = Debug|Any CPU
		{F90A1BB9-C461-4BB5-A1FE-61DC8A4DFEAD}.Debug|Any CPU.Build.0 = Debug|Any CPU
		{F90A1BB9-C461-4BB5-A1FE-61DC8A4DFEAD}.Release|Any CPU.ActiveCfg = Release|Any CPU
		{F90A1BB9-C461-4BB5-A1FE-61DC8A4DFEAD}.Release|Any CPU.Build.0 = Release|Any CPU
		{318FB65D-0394-465F-8472-D839943C08AD}.Debug|Any CPU.ActiveCfg = Debug|Any CPU
		{318FB65D-0394-465F-8472-D839943C08AD}.Debug|Any CPU.Build.0 = Debug|Any CPU
		{318FB65D-0394-465F-8472-D839943C08AD}.Release|Any CPU.ActiveCfg = Release|Any CPU
		{318FB65D-0394-465F-8472-D839943C08AD}.Release|Any CPU.Build.0 = Release|Any CPU
		{796107A4-913D-44B1-AFF3-BB8544DCB0ED}.Debug|Any CPU.ActiveCfg = Debug|Any CPU
		{796107A4-913D-44B1-AFF3-BB8544DCB0ED}.Debug|Any CPU.Build.0 = Debug|Any CPU
		{796107A4-913D-44B1-AFF3-BB8544DCB0ED}.Release|Any CPU.ActiveCfg = Release|Any CPU
		{796107A4-913D-44B1-AFF3-BB8544DCB0ED}.Release|Any CPU.Build.0 = Release|Any CPU
		{3E3F83BD-66BD-45CB-83CB-ABC13EC35F0C}.Debug|Any CPU.ActiveCfg = Debug|Any CPU
		{3E3F83BD-66BD-45CB-83CB-ABC13EC35F0C}.Debug|Any CPU.Build.0 = Debug|Any CPU
		{3E3F83BD-66BD-45CB-83CB-ABC13EC35F0C}.Release|Any CPU.ActiveCfg = Release|Any CPU
		{3E3F83BD-66BD-45CB-83CB-ABC13EC35F0C}.Release|Any CPU.Build.0 = Release|Any CPU
		{F3146F2D-B4D9-4E8B-B5D4-2A1C12AD6D9D}.Debug|Any CPU.ActiveCfg = Debug|Any CPU
		{F3146F2D-B4D9-4E8B-B5D4-2A1C12AD6D9D}.Debug|Any CPU.Build.0 = Debug|Any CPU
		{F3146F2D-B4D9-4E8B-B5D4-2A1C12AD6D9D}.Release|Any CPU.ActiveCfg = Release|Any CPU
		{F3146F2D-B4D9-4E8B-B5D4-2A1C12AD6D9D}.Release|Any CPU.Build.0 = Release|Any CPU
		{09E902C4-404C-4952-8C39-CEC249CE5146}.Debug|Any CPU.ActiveCfg = Debug|Any CPU
		{09E902C4-404C-4952-8C39-CEC249CE5146}.Debug|Any CPU.Build.0 = Debug|Any CPU
		{09E902C4-404C-4952-8C39-CEC249CE5146}.Release|Any CPU.ActiveCfg = Release|Any CPU
		{09E902C4-404C-4952-8C39-CEC249CE5146}.Release|Any CPU.Build.0 = Release|Any CPU
	EndGlobalSection
	GlobalSection(SolutionProperties) = preSolution
		HideSolutionNode = FALSE
	EndGlobalSection
	GlobalSection(ExtensibilityGlobals) = postSolution
		SolutionGuid = {EDEFFE0E-140D-417F-AF9F-F571BBBBD561}
	EndGlobalSection
EndGlobal
